{
  "version": 4,
  "terraform_version": "1.2.2",
  "serial": 14,
  "lineage": "07a099ee-e218-31cc-322a-1e6acc321448",
  "outputs": {
    "vm_public_ip": {
      "value": [
        {
          "allocation_method": "Dynamic",
          "domain_name_label": null,
          "edge_zone": "",
          "fqdn": null,
          "id": "/subscriptions/3119230a-2e65-4a28-ae55-2ab2d6189935/resourceGroups/azure-resources/providers/Microsoft.Network/publicIPAddresses/azure-vm-nic-00",
          "idle_timeout_in_minutes": 4,
          "ip_address": "",
          "ip_tags": null,
          "ip_version": "IPv4",
          "location": "eastasia",
          "name": "azure-vm-nic-00",
          "public_ip_prefix_id": null,
          "resource_group_name": "azure-resources",
          "reverse_fqdn": null,
          "sku": "Basic",
          "sku_tier": "Regional",
          "tags": {
            "environment": "Production"
          },
          "timeouts": null,
          "zones": null
        },
        {
          "allocation_method": "Dynamic",
          "domain_name_label": null,
          "edge_zone": "",
          "fqdn": null,
          "id": "/subscriptions/3119230a-2e65-4a28-ae55-2ab2d6189935/resourceGroups/azure-resources/providers/Microsoft.Network/publicIPAddresses/azure-vm-nic-01",
          "idle_timeout_in_minutes": 4,
          "ip_address": "",
          "ip_tags": null,
          "ip_version": "IPv4",
          "location": "eastasia",
          "name": "azure-vm-nic-01",
          "public_ip_prefix_id": null,
          "resource_group_name": "azure-resources",
          "reverse_fqdn": null,
          "sku": "Basic",
          "sku_tier": "Regional",
          "tags": {
            "environment": "Production"
          },
          "timeouts": null,
          "zones": null
        }
      ],
      "type": [
        "tuple",
        [
          [
            "object",
            {
              "allocation_method": "string",
              "domain_name_label": "string",
              "edge_zone": "string",
              "fqdn": "string",
              "id": "string",
              "idle_timeout_in_minutes": "number",
              "ip_address": "string",
              "ip_tags": [
                "map",
                "string"
              ],
              "ip_version": "string",
              "location": "string",
              "name": "string",
              "public_ip_prefix_id": "string",
              "resource_group_name": "string",
              "reverse_fqdn": "string",
              "sku": "string",
              "sku_tier": "string",
              "tags": [
                "map",
                "string"
              ],
              "timeouts": [
                "object",
                {
                  "create": "string",
                  "delete": "string",
                  "read": "string",
                  "update": "string"
                }
              ],
              "zones": [
                "set",
                "string"
              ]
            }
          ],
          [
            "object",
            {
              "allocation_method": "string",
              "domain_name_label": "string",
              "edge_zone": "string",
              "fqdn": "string",
              "id": "string",
              "idle_timeout_in_minutes": "number",
              "ip_address": "string",
              "ip_tags": [
                "map",
                "string"
              ],
              "ip_version": "string",
              "location": "string",
              "name": "string",
              "public_ip_prefix_id": "string",
              "resource_group_name": "string",
              "reverse_fqdn": "string",
              "sku": "string",
              "sku_tier": "string",
              "tags": [
                "map",
                "string"
              ],
              "timeouts": [
                "object",
                {
                  "create": "string",
                  "delete": "string",
                  "read": "string",
                  "update": "string"
                }
              ],
              "zones": [
                "set",
                "string"
              ]
            }
          ]
        ]
      ]
    }
  },
  "resources": [
    {
      "mode": "managed",
      "type": "azurerm_linux_virtual_machine",
      "name": "vm1",
      "provider": "provider[\"registry.terraform.io/hashicorp/azurerm\"]",
      "instances": [
        {
          "index_key": 0,
          "status": "tainted",
          "schema_version": 0,
          "attributes": {
            "additional_capabilities": [],
            "admin_password": null,
            "admin_ssh_key": [
              {
                "public_key": "ssh-rsa AAAAB3NzaC1yc2EAAAADAQABAAABgQCqKjmHJE1JvOnhxmXpgw0/PT5Saow91/fdxWYYu/+d+NZF04vT71DF0hfloDWTSEu6J5r6V9QXnJYJIGIgobppE6onglDictZDjyZbR5iGeSkpNwgIDLEc5CN0eMdrML5uNwwNLKKDLlOVLanP1ZsQlM70anmLPRZGGW5sHwnZh0kObGPA3JzODuVyI+kaJfn/eJamnajhZZsRfnNR+ZMFZCEf+jGqoLm9UcpBveXr7+qhJkh633QwFHUN3MtdyLifB+MG+dMkTU3F6zGhbPnK7vDEnFEAas92lNOpxjHyUb0xoUuwAT/VBwJ9DSyFltb1htm76lBZQvM8wQoCpJbAwGVWLdOhVjPTdP8/mLodGGGw0FFC4XS45/opMT7gZa2inNFo3ptmQ7d85CuIvd8mTLuSBbdUeKst5E6qkvwHMje8TnJpgxO5CVU51gwceaykka8dSZsNrVFpO6AG5rIHtBgy11kbklcXWVPf/9+W2PN6CatPWxF9XO6MtjylJ8s= subhashree@subhashree-VirtualBox\n",
                "username": "adminuser"
              }
            ],
            "admin_username": "adminuser",
            "allow_extension_operations": true,
            "availability_set_id": "",
            "boot_diagnostics": [],
            "computer_name": "azure-VM-0",
            "custom_data": null,
            "dedicated_host_group_id": "",
            "dedicated_host_id": "",
            "disable_password_authentication": true,
            "edge_zone": "",
            "encryption_at_host_enabled": false,
            "eviction_policy": "",
            "extensions_time_budget": "PT1H30M",
            "id": "/subscriptions/3119230a-2e65-4a28-ae55-2ab2d6189935/resourceGroups/azure-resources/providers/Microsoft.Compute/virtualMachines/azure-VM-0",
            "identity": [],
            "license_type": "",
            "location": "eastasia",
            "max_bid_price": -1,
            "name": "azure-VM-0",
            "network_interface_ids": [
              "/subscriptions/3119230a-2e65-4a28-ae55-2ab2d6189935/resourceGroups/azure-resources/providers/Microsoft.Network/networkInterfaces/azure-NIC-0"
            ],
            "os_disk": [
              {
                "caching": "ReadWrite",
                "diff_disk_settings": [],
                "disk_encryption_set_id": "",
                "disk_size_gb": 30,
                "name": "azure-VM-0_OsDisk_1_adf4a653b35341ffa53a62644ae955f2",
                "secure_vm_disk_encryption_set_id": "",
                "security_encryption_type": "",
                "storage_account_type": "Standard_LRS",
                "write_accelerator_enabled": false
              }
            ],
            "patch_mode": "ImageDefault",
            "plan": [],
            "platform_fault_domain": -1,
            "priority": "Regular",
            "private_ip_address": "10.0.2.5",
            "private_ip_addresses": [
              "10.0.2.5"
            ],
            "provision_vm_agent": true,
            "proximity_placement_group_id": "",
            "public_ip_address": "",
            "public_ip_addresses": [],
            "resource_group_name": "azure-resources",
            "secret": [],
            "secure_boot_enabled": false,
            "size": "Standard_DS1_v2",
            "source_image_id": "",
            "source_image_reference": [
              {
                "offer": "UbuntuServer",
                "publisher": "Canonical",
                "sku": "19.04",
                "version": "latest"
              }
            ],
            "tags": null,
            "termination_notification": null,
            "timeouts": null,
            "user_data": "",
            "virtual_machine_id": "00790eb4-ef5b-43cc-bb70-512321f322d7",
            "virtual_machine_scale_set_id": "",
            "vtpm_enabled": false,
            "zone": ""
          },
          "sensitive_attributes": [],
          "private": "eyJlMmJmYjczMC1lY2FhLTExZTYtOGY4OC0zNDM2M2JjN2M0YzAiOnsiY3JlYXRlIjoyNzAwMDAwMDAwMDAwLCJkZWxldGUiOjI3MDAwMDAwMDAwMDAsInJlYWQiOjMwMDAwMDAwMDAwMCwidXBkYXRlIjoyNzAwMDAwMDAwMDAwfX0=",
          "dependencies": [
            "azurerm_network_interface.az_nic",
            "azurerm_public_ip.az_pip",
            "azurerm_resource_group.az_resources",
            "azurerm_ssh_public_key.az_pub_key",
            "azurerm_subnet.az_subnet",
            "azurerm_virtual_network.az_network"
          ]
        },
        {
          "index_key": 1,
          "status": "tainted",
          "schema_version": 0,
          "attributes": {
            "additional_capabilities": [],
            "admin_password": null,
            "admin_ssh_key": [
              {
                "public_key": "ssh-rsa AAAAB3NzaC1yc2EAAAADAQABAAABgQCqKjmHJE1JvOnhxmXpgw0/PT5Saow91/fdxWYYu/+d+NZF04vT71DF0hfloDWTSEu6J5r6V9QXnJYJIGIgobppE6onglDictZDjyZbR5iGeSkpNwgIDLEc5CN0eMdrML5uNwwNLKKDLlOVLanP1ZsQlM70anmLPRZGGW5sHwnZh0kObGPA3JzODuVyI+kaJfn/eJamnajhZZsRfnNR+ZMFZCEf+jGqoLm9UcpBveXr7+qhJkh633QwFHUN3MtdyLifB+MG+dMkTU3F6zGhbPnK7vDEnFEAas92lNOpxjHyUb0xoUuwAT/VBwJ9DSyFltb1htm76lBZQvM8wQoCpJbAwGVWLdOhVjPTdP8/mLodGGGw0FFC4XS45/opMT7gZa2inNFo3ptmQ7d85CuIvd8mTLuSBbdUeKst5E6qkvwHMje8TnJpgxO5CVU51gwceaykka8dSZsNrVFpO6AG5rIHtBgy11kbklcXWVPf/9+W2PN6CatPWxF9XO6MtjylJ8s= subhashree@subhashree-VirtualBox\n",
                "username": "adminuser"
              }
            ],
            "admin_username": "adminuser",
            "allow_extension_operations": true,
            "availability_set_id": "",
            "boot_diagnostics": [],
            "computer_name": "azure-VM-1",
            "custom_data": null,
            "dedicated_host_group_id": "",
            "dedicated_host_id": "",
            "disable_password_authentication": true,
            "edge_zone": "",
            "encryption_at_host_enabled": false,
            "eviction_policy": "",
            "extensions_time_budget": "PT1H30M",
            "id": "/subscriptions/3119230a-2e65-4a28-ae55-2ab2d6189935/resourceGroups/azure-resources/providers/Microsoft.Compute/virtualMachines/azure-VM-1",
            "identity": [],
            "license_type": "",
            "location": "eastasia",
            "max_bid_price": -1,
            "name": "azure-VM-1",
            "network_interface_ids": [
              "/subscriptions/3119230a-2e65-4a28-ae55-2ab2d6189935/resourceGroups/azure-resources/providers/Microsoft.Network/networkInterfaces/azure-NIC-1"
            ],
            "os_disk": [
              {
                "caching": "ReadWrite",
                "diff_disk_settings": [],
                "disk_encryption_set_id": "",
                "disk_size_gb": 30,
                "name": "azure-VM-1_OsDisk_1_48cf6185958e41f0b4659c5039691a32",
                "secure_vm_disk_encryption_set_id": "",
                "security_encryption_type": "",
                "storage_account_type": "Standard_LRS",
                "write_accelerator_enabled": false
              }
            ],
            "patch_mode": "ImageDefault",
            "plan": [],
            "platform_fault_domain": -1,
            "priority": "Regular",
            "private_ip_address": "10.0.2.4",
            "private_ip_addresses": [
              "10.0.2.4"
            ],
            "provision_vm_agent": true,
            "proximity_placement_group_id": "",
            "public_ip_address": "",
            "public_ip_addresses": [],
            "resource_group_name": "azure-resources",
            "secret": [],
            "secure_boot_enabled": false,
            "size": "Standard_DS1_v2",
            "source_image_id": "",
            "source_image_reference": [
              {
                "offer": "UbuntuServer",
                "publisher": "Canonical",
                "sku": "19.04",
                "version": "latest"
              }
            ],
            "tags": null,
            "termination_notification": null,
            "timeouts": null,
            "user_data": "",
            "virtual_machine_id": "3b22856e-4488-4072-98fb-d0a2aef60c41",
            "virtual_machine_scale_set_id": "",
            "vtpm_enabled": false,
            "zone": ""
          },
          "sensitive_attributes": [],
          "private": "eyJlMmJmYjczMC1lY2FhLTExZTYtOGY4OC0zNDM2M2JjN2M0YzAiOnsiY3JlYXRlIjoyNzAwMDAwMDAwMDAwLCJkZWxldGUiOjI3MDAwMDAwMDAwMDAsInJlYWQiOjMwMDAwMDAwMDAwMCwidXBkYXRlIjoyNzAwMDAwMDAwMDAwfX0=",
          "dependencies": [
            "azurerm_network_interface.az_nic",
            "azurerm_public_ip.az_pip",
            "azurerm_resource_group.az_resources",
            "azurerm_ssh_public_key.az_pub_key",
            "azurerm_subnet.az_subnet",
            "azurerm_virtual_network.az_network"
          ]
        }
      ]
    },
    {
      "mode": "managed",
      "type": "azurerm_network_interface",
      "name": "az_nic",
      "provider": "provider[\"registry.terraform.io/hashicorp/azurerm\"]",
      "instances": [
        {
          "index_key": 0,
          "schema_version": 0,
          "attributes": {
            "applied_dns_servers": [],
            "dns_servers": [],
            "edge_zone": "",
            "enable_accelerated_networking": false,
            "enable_ip_forwarding": false,
            "id": "/subscriptions/3119230a-2e65-4a28-ae55-2ab2d6189935/resourceGroups/azure-resources/providers/Microsoft.Network/networkInterfaces/azure-NIC-0",
            "internal_dns_name_label": "",
            "internal_domain_name_suffix": "lohrbhcvaire3oqbzvmkcimreb.hx.internal.cloudapp.net",
            "ip_configuration": [
              {
                "gateway_load_balancer_frontend_ip_configuration_id": "",
                "name": "internal",
                "primary": true,
                "private_ip_address": "10.0.2.5",
                "private_ip_address_allocation": "Dynamic",
                "private_ip_address_version": "IPv4",
                "public_ip_address_id": "",
                "subnet_id": "/subscriptions/3119230a-2e65-4a28-ae55-2ab2d6189935/resourceGroups/azure-resources/providers/Microsoft.Network/virtualNetworks/azure-network/subnets/azure_subnet"
              }
            ],
            "location": "eastasia",
            "mac_address": "",
            "name": "azure-NIC-0",
            "private_ip_address": "10.0.2.5",
            "private_ip_addresses": [
              "10.0.2.5"
            ],
            "resource_group_name": "azure-resources",
            "tags": null,
            "timeouts": null,
            "virtual_machine_id": ""
          },
          "sensitive_attributes": [],
          "private": "eyJlMmJmYjczMC1lY2FhLTExZTYtOGY4OC0zNDM2M2JjN2M0YzAiOnsiY3JlYXRlIjoxODAwMDAwMDAwMDAwLCJkZWxldGUiOjE4MDAwMDAwMDAwMDAsInJlYWQiOjMwMDAwMDAwMDAwMCwidXBkYXRlIjoxODAwMDAwMDAwMDAwfX0=",
          "dependencies": [
            "azurerm_resource_group.az_resources",
            "azurerm_subnet.az_subnet",
            "azurerm_virtual_network.az_network"
          ]
        },
        {
          "index_key": 1,
          "schema_version": 0,
          "attributes": {
            "applied_dns_servers": [],
            "dns_servers": [],
            "edge_zone": "",
            "enable_accelerated_networking": false,
            "enable_ip_forwarding": false,
            "id": "/subscriptions/3119230a-2e65-4a28-ae55-2ab2d6189935/resourceGroups/azure-resources/providers/Microsoft.Network/networkInterfaces/azure-NIC-1",
            "internal_dns_name_label": "",
            "internal_domain_name_suffix": "lohrbhcvaire3oqbzvmkcimreb.hx.internal.cloudapp.net",
            "ip_configuration": [
              {
                "gateway_load_balancer_frontend_ip_configuration_id": "",
                "name": "internal",
                "primary": true,
                "private_ip_address": "10.0.2.4",
                "private_ip_address_allocation": "Dynamic",
                "private_ip_address_version": "IPv4",
                "public_ip_address_id": "",
                "subnet_id": "/subscriptions/3119230a-2e65-4a28-ae55-2ab2d6189935/resourceGroups/azure-resources/providers/Microsoft.Network/virtualNetworks/azure-network/subnets/azure_subnet"
              }
            ],
            "location": "eastasia",
            "mac_address": "",
            "name": "azure-NIC-1",
            "private_ip_address": "10.0.2.4",
            "private_ip_addresses": [
              "10.0.2.4"
            ],
            "resource_group_name": "azure-resources",
            "tags": null,
            "timeouts": null,
            "virtual_machine_id": ""
          },
          "sensitive_attributes": [],
          "private": "eyJlMmJmYjczMC1lY2FhLTExZTYtOGY4OC0zNDM2M2JjN2M0YzAiOnsiY3JlYXRlIjoxODAwMDAwMDAwMDAwLCJkZWxldGUiOjE4MDAwMDAwMDAwMDAsInJlYWQiOjMwMDAwMDAwMDAwMCwidXBkYXRlIjoxODAwMDAwMDAwMDAwfX0=",
          "dependencies": [
            "azurerm_resource_group.az_resources",
            "azurerm_subnet.az_subnet",
            "azurerm_virtual_network.az_network"
          ]
        }
      ]
    },
    {
      "mode": "managed",
      "type": "azurerm_network_interface_security_group_association",
      "name": "az_association",
      "provider": "provider[\"registry.terraform.io/hashicorp/azurerm\"]",
      "instances": [
        {
          "index_key": 0,
          "schema_version": 0,
          "attributes": {
            "id": "/subscriptions/3119230a-2e65-4a28-ae55-2ab2d6189935/resourceGroups/azure-resources/providers/Microsoft.Network/networkInterfaces/azure-NIC-0|/subscriptions/3119230a-2e65-4a28-ae55-2ab2d6189935/resourceGroups/azure-resources/providers/Microsoft.Network/networkSecurityGroups/azure-security-group1",
            "network_interface_id": "/subscriptions/3119230a-2e65-4a28-ae55-2ab2d6189935/resourceGroups/azure-resources/providers/Microsoft.Network/networkInterfaces/azure-NIC-0",
            "network_security_group_id": "/subscriptions/3119230a-2e65-4a28-ae55-2ab2d6189935/resourceGroups/azure-resources/providers/Microsoft.Network/networkSecurityGroups/azure-security-group1",
            "timeouts": null
          },
          "sensitive_attributes": [],
          "private": "eyJlMmJmYjczMC1lY2FhLTExZTYtOGY4OC0zNDM2M2JjN2M0YzAiOnsiY3JlYXRlIjoxODAwMDAwMDAwMDAwLCJkZWxldGUiOjE4MDAwMDAwMDAwMDAsInJlYWQiOjMwMDAwMDAwMDAwMCwidXBkYXRlIjoxODAwMDAwMDAwMDAwfX0=",
          "dependencies": [
            "azurerm_network_interface.az_nic",
            "azurerm_network_security_group.az_network_security",
            "azurerm_resource_group.az_resources",
            "azurerm_subnet.az_subnet",
            "azurerm_virtual_network.az_network"
          ]
        },
        {
          "index_key": 1,
          "schema_version": 0,
          "attributes": {
            "id": "/subscriptions/3119230a-2e65-4a28-ae55-2ab2d6189935/resourceGroups/azure-resources/providers/Microsoft.Network/networkInterfaces/azure-NIC-1|/subscriptions/3119230a-2e65-4a28-ae55-2ab2d6189935/resourceGroups/azure-resources/providers/Microsoft.Network/networkSecurityGroups/azure-security-group1",
            "network_interface_id": "/subscriptions/3119230a-2e65-4a28-ae55-2ab2d6189935/resourceGroups/azure-resources/providers/Microsoft.Network/networkInterfaces/azure-NIC-1",
            "network_security_group_id": "/subscriptions/3119230a-2e65-4a28-ae55-2ab2d6189935/resourceGroups/azure-resources/providers/Microsoft.Network/networkSecurityGroups/azure-security-group1",
            "timeouts": null
          },
          "sensitive_attributes": [],
          "private": "eyJlMmJmYjczMC1lY2FhLTExZTYtOGY4OC0zNDM2M2JjN2M0YzAiOnsiY3JlYXRlIjoxODAwMDAwMDAwMDAwLCJkZWxldGUiOjE4MDAwMDAwMDAwMDAsInJlYWQiOjMwMDAwMDAwMDAwMCwidXBkYXRlIjoxODAwMDAwMDAwMDAwfX0=",
          "dependencies": [
            "azurerm_network_interface.az_nic",
            "azurerm_network_security_group.az_network_security",
            "azurerm_resource_group.az_resources",
            "azurerm_subnet.az_subnet",
            "azurerm_virtual_network.az_network"
          ]
        }
      ]
    },
    {
      "mode": "managed",
      "type": "azurerm_network_security_group",
      "name": "az_network_security",
      "provider": "provider[\"registry.terraform.io/hashicorp/azurerm\"]",
      "instances": [
        {
          "schema_version": 0,
          "attributes": {
            "id": "/subscriptions/3119230a-2e65-4a28-ae55-2ab2d6189935/resourceGroups/azure-resources/providers/Microsoft.Network/networkSecurityGroups/azure-security-group1",
            "location": "eastasia",
            "name": "azure-security-group1",
            "resource_group_name": "azure-resources",
            "security_rule": [
              {
                "access": "Allow",
                "description": "",
                "destination_address_prefix": "*",
                "destination_address_prefixes": [],
                "destination_application_security_group_ids": [],
                "destination_port_range": "",
                "destination_port_ranges": [
                  "22",
                  "80"
                ],
                "direction": "Inbound",
                "name": "ssh",
                "priority": 100,
                "protocol": "Tcp",
                "source_address_prefix": "*",
                "source_address_prefixes": [],
                "source_application_security_group_ids": [],
                "source_port_range": "*",
                "source_port_ranges": []
              }
            ],
            "tags": {
              "environment": "Production"
            },
            "timeouts": null
          },
          "sensitive_attributes": [],
          "private": "eyJlMmJmYjczMC1lY2FhLTExZTYtOGY4OC0zNDM2M2JjN2M0YzAiOnsiY3JlYXRlIjoxODAwMDAwMDAwMDAwLCJkZWxldGUiOjE4MDAwMDAwMDAwMDAsInJlYWQiOjMwMDAwMDAwMDAwMCwidXBkYXRlIjoxODAwMDAwMDAwMDAwfX0=",
          "dependencies": [
            "azurerm_resource_group.az_resources"
          ]
        }
      ]
    },
    {
      "mode": "managed",
      "type": "azurerm_public_ip",
      "name": "az_pip",
      "provider": "provider[\"registry.terraform.io/hashicorp/azurerm\"]",
      "instances": [
        {
          "index_key": 0,
          "schema_version": 0,
          "attributes": {
            "allocation_method": "Dynamic",
            "domain_name_label": null,
            "edge_zone": "",
            "fqdn": null,
            "id": "/subscriptions/3119230a-2e65-4a28-ae55-2ab2d6189935/resourceGroups/azure-resources/providers/Microsoft.Network/publicIPAddresses/azure-vm-nic-00",
            "idle_timeout_in_minutes": 4,
            "ip_address": "",
            "ip_tags": null,
            "ip_version": "IPv4",
            "location": "eastasia",
            "name": "azure-vm-nic-00",
            "public_ip_prefix_id": null,
            "resource_group_name": "azure-resources",
            "reverse_fqdn": null,
            "sku": "Basic",
            "sku_tier": "Regional",
            "tags": {
              "environment": "Production"
            },
            "timeouts": null,
            "zones": null
          },
          "sensitive_attributes": [],
          "private": "eyJlMmJmYjczMC1lY2FhLTExZTYtOGY4OC0zNDM2M2JjN2M0YzAiOnsiY3JlYXRlIjoxODAwMDAwMDAwMDAwLCJkZWxldGUiOjE4MDAwMDAwMDAwMDAsInJlYWQiOjMwMDAwMDAwMDAwMCwidXBkYXRlIjoxODAwMDAwMDAwMDAwfX0=",
          "dependencies": [
            "azurerm_resource_group.az_resources"
          ]
        },
        {
          "index_key": 1,
          "schema_version": 0,
          "attributes": {
            "allocation_method": "Dynamic",
            "domain_name_label": null,
            "edge_zone": "",
            "fqdn": null,
            "id": "/subscriptions/3119230a-2e65-4a28-ae55-2ab2d6189935/resourceGroups/azure-resources/providers/Microsoft.Network/publicIPAddresses/azure-vm-nic-01",
            "idle_timeout_in_minutes": 4,
            "ip_address": "",
            "ip_tags": null,
            "ip_version": "IPv4",
            "location": "eastasia",
            "name": "azure-vm-nic-01",
            "public_ip_prefix_id": null,
            "resource_group_name": "azure-resources",
            "reverse_fqdn": null,
            "sku": "Basic",
            "sku_tier": "Regional",
            "tags": {
              "environment": "Production"
            },
            "timeouts": null,
            "zones": null
          },
          "sensitive_attributes": [],
          "private": "eyJlMmJmYjczMC1lY2FhLTExZTYtOGY4OC0zNDM2M2JjN2M0YzAiOnsiY3JlYXRlIjoxODAwMDAwMDAwMDAwLCJkZWxldGUiOjE4MDAwMDAwMDAwMDAsInJlYWQiOjMwMDAwMDAwMDAwMCwidXBkYXRlIjoxODAwMDAwMDAwMDAwfX0=",
          "dependencies": [
            "azurerm_resource_group.az_resources"
          ]
        }
      ]
    },
    {
      "mode": "managed",
      "type": "azurerm_resource_group",
      "name": "az_resources",
      "provider": "provider[\"registry.terraform.io/hashicorp/azurerm\"]",
      "instances": [
        {
          "schema_version": 0,
          "attributes": {
            "id": "/subscriptions/3119230a-2e65-4a28-ae55-2ab2d6189935/resourceGroups/azure-resources",
            "location": "eastasia",
            "name": "azure-resources",
            "tags": null,
            "timeouts": null
          },
          "sensitive_attributes": [],
          "private": "eyJlMmJmYjczMC1lY2FhLTExZTYtOGY4OC0zNDM2M2JjN2M0YzAiOnsiY3JlYXRlIjo1NDAwMDAwMDAwMDAwLCJkZWxldGUiOjU0MDAwMDAwMDAwMDAsInJlYWQiOjMwMDAwMDAwMDAwMCwidXBkYXRlIjo1NDAwMDAwMDAwMDAwfX0="
        }
      ]
    },
    {
      "mode": "managed",
      "type": "azurerm_ssh_public_key",
      "name": "az_pub_key",
      "provider": "provider[\"registry.terraform.io/hashicorp/azurerm\"]",
      "instances": [
        {
          "schema_version": 0,
          "attributes": {
            "id": "/subscriptions/3119230a-2e65-4a28-ae55-2ab2d6189935/resourceGroups/azure-resources/providers/Microsoft.Compute/sshPublicKeys/az_pkey",
            "location": "eastasia",
            "name": "az_pkey",
            "public_key": "ssh-rsa AAAAB3NzaC1yc2EAAAADAQABAAABgQCqKjmHJE1JvOnhxmXpgw0/PT5Saow91/fdxWYYu/+d+NZF04vT71DF0hfloDWTSEu6J5r6V9QXnJYJIGIgobppE6onglDictZDjyZbR5iGeSkpNwgIDLEc5CN0eMdrML5uNwwNLKKDLlOVLanP1ZsQlM70anmLPRZGGW5sHwnZh0kObGPA3JzODuVyI+kaJfn/eJamnajhZZsRfnNR+ZMFZCEf+jGqoLm9UcpBveXr7+qhJkh633QwFHUN3MtdyLifB+MG+dMkTU3F6zGhbPnK7vDEnFEAas92lNOpxjHyUb0xoUuwAT/VBwJ9DSyFltb1htm76lBZQvM8wQoCpJbAwGVWLdOhVjPTdP8/mLodGGGw0FFC4XS45/opMT7gZa2inNFo3ptmQ7d85CuIvd8mTLuSBbdUeKst5E6qkvwHMje8TnJpgxO5CVU51gwceaykka8dSZsNrVFpO6AG5rIHtBgy11kbklcXWVPf/9+W2PN6CatPWxF9XO6MtjylJ8s= subhashree@subhashree-VirtualBox\n",
            "resource_group_name": "azure-resources",
            "tags": null,
            "timeouts": null
          },
          "sensitive_attributes": [],
          "private": "eyJlMmJmYjczMC1lY2FhLTExZTYtOGY4OC0zNDM2M2JjN2M0YzAiOnsiY3JlYXRlIjoyNzAwMDAwMDAwMDAwLCJkZWxldGUiOjI3MDAwMDAwMDAwMDAsInJlYWQiOjMwMDAwMDAwMDAwMCwidXBkYXRlIjoyNzAwMDAwMDAwMDAwfX0=",
          "dependencies": [
            "azurerm_resource_group.az_resources"
          ]
        }
      ]
    },
    {
      "mode": "managed",
      "type": "azurerm_subnet",
      "name": "az_subnet",
      "provider": "provider[\"registry.terraform.io/hashicorp/azurerm\"]",
      "instances": [
        {
          "schema_version": 0,
          "attributes": {
            "address_prefixes": [
              "10.0.2.0/24"
            ],
            "delegation": [],
            "enforce_private_link_endpoint_network_policies": false,
            "enforce_private_link_service_network_policies": false,
            "id": "/subscriptions/3119230a-2e65-4a28-ae55-2ab2d6189935/resourceGroups/azure-resources/providers/Microsoft.Network/virtualNetworks/azure-network/subnets/azure_subnet",
            "name": "azure_subnet",
            "resource_group_name": "azure-resources",
            "service_endpoint_policy_ids": null,
            "service_endpoints": null,
            "timeouts": null,
            "virtual_network_name": "azure-network"
          },
          "sensitive_attributes": [],
          "private": "eyJlMmJmYjczMC1lY2FhLTExZTYtOGY4OC0zNDM2M2JjN2M0YzAiOnsiY3JlYXRlIjoxODAwMDAwMDAwMDAwLCJkZWxldGUiOjE4MDAwMDAwMDAwMDAsInJlYWQiOjMwMDAwMDAwMDAwMCwidXBkYXRlIjoxODAwMDAwMDAwMDAwfX0=",
          "dependencies": [
            "azurerm_resource_group.az_resources",
            "azurerm_virtual_network.az_network"
          ]
        }
      ]
    },
    {
      "mode": "managed",
      "type": "azurerm_virtual_network",
      "name": "az_network",
      "provider": "provider[\"registry.terraform.io/hashicorp/azurerm\"]",
      "instances": [
        {
          "schema_version": 0,
          "attributes": {
            "address_space": [
              "10.0.0.0/16"
            ],
            "bgp_community": "",
            "ddos_protection_plan": [],
            "dns_servers": [],
            "edge_zone": "",
            "flow_timeout_in_minutes": 0,
            "guid": "9c108f5b-0255-4e22-ba01-cd58a1219121",
            "id": "/subscriptions/3119230a-2e65-4a28-ae55-2ab2d6189935/resourceGroups/azure-resources/providers/Microsoft.Network/virtualNetworks/azure-network",
            "location": "eastasia",
            "name": "azure-network",
            "resource_group_name": "azure-resources",
            "subnet": [],
            "tags": null,
            "timeouts": null
          },
          "sensitive_attributes": [],
          "private": "eyJlMmJmYjczMC1lY2FhLTExZTYtOGY4OC0zNDM2M2JjN2M0YzAiOnsiY3JlYXRlIjoxODAwMDAwMDAwMDAwLCJkZWxldGUiOjE4MDAwMDAwMDAwMDAsInJlYWQiOjMwMDAwMDAwMDAwMCwidXBkYXRlIjoxODAwMDAwMDAwMDAwfX0=",
          "dependencies": [
            "azurerm_resource_group.az_resources"
          ]
        }
      ]
    }
  ]
}
