{
  "version": 4,
  "terraform_version": "1.2.2",
  "serial": 8,
  "lineage": "a65ba7ed-7a2a-3840-f7b2-5010f1a1ce3a",
  "outputs": {
    "existing_rg_details": {
      "value": {
        "id": "/subscriptions/3119230a-2e65-4a28-ae55-2ab2d6189935/resourceGroups/my_resource_group1",
        "location": "eastasia",
        "name": "my_resource_group1",
        "tags": {},
        "timeouts": null
      },
      "type": [
        "object",
        {
          "id": "string",
          "location": "string",
          "name": "string",
          "tags": [
            "map",
            "string"
          ],
          "timeouts": [
            "object",
            {
              "read": "string"
            }
          ]
        }
      ]
    },
    "rg_id": {
      "value": "/subscriptions/3119230a-2e65-4a28-ae55-2ab2d6189935/resourceGroups/my_resource_group1",
      "type": "string"
    }
  },
  "resources": [
    {
      "mode": "data",
      "type": "azurerm_resource_group",
      "name": "myrg1",
      "provider": "provider[\"registry.terraform.io/hashicorp/azurerm\"]",
      "instances": [
        {
          "schema_version": 0,
          "attributes": {
            "id": "/subscriptions/3119230a-2e65-4a28-ae55-2ab2d6189935/resourceGroups/my_resource_group1",
            "location": "eastasia",
            "name": "my_resource_group1",
            "tags": {},
            "timeouts": null
          },
          "sensitive_attributes": []
        }
      ]
    },
    {
      "mode": "data",
      "type": "azurerm_subnet",
      "name": "mysubnet1",
      "provider": "provider[\"registry.terraform.io/hashicorp/azurerm\"]",
      "instances": [
        {
          "schema_version": 0,
          "attributes": {
            "address_prefix": "10.0.2.0/24",
            "address_prefixes": [
              "10.0.2.0/24"
            ],
            "enforce_private_link_endpoint_network_policies": false,
            "enforce_private_link_service_network_policies": false,
            "id": "/subscriptions/3119230a-2e65-4a28-ae55-2ab2d6189935/resourceGroups/my_resource_group1/providers/Microsoft.Network/virtualNetworks/my_vnet1/subnets/my_subnet1",
            "name": "my_subnet1",
            "network_security_group_id": "",
            "resource_group_name": "my_resource_group1",
            "route_table_id": "",
            "service_endpoints": [],
            "timeouts": null,
            "virtual_network_name": "my_vnet1"
          },
          "sensitive_attributes": []
        }
      ]
    },
    {
      "mode": "data",
      "type": "azurerm_virtual_network",
      "name": "myvnet1",
      "provider": "provider[\"registry.terraform.io/hashicorp/azurerm\"]",
      "instances": [
        {
          "schema_version": 0,
          "attributes": {
            "address_space": [
              "10.0.0.0/16"
            ],
            "dns_servers": [],
            "guid": "9b49f4e9-2ae1-45a5-8c19-1fb45db7a5c6",
            "id": "/subscriptions/3119230a-2e65-4a28-ae55-2ab2d6189935/resourceGroups/my_resource_group1/providers/Microsoft.Network/virtualNetworks/my_vnet1",
            "location": "eastasia",
            "name": "my_vnet1",
            "resource_group_name": "my_resource_group1",
            "subnets": [
              "my_subnet1"
            ],
            "tags": {},
            "timeouts": null,
            "vnet_peerings": {},
            "vnet_peerings_addresses": []
          },
          "sensitive_attributes": []
        }
      ]
    },
    {
      "mode": "managed",
      "type": "azurerm_network_interface",
      "name": "aznetwork",
      "provider": "provider[\"registry.terraform.io/hashicorp/azurerm\"]",
      "instances": [
        {
          "schema_version": 0,
          "attributes": {
            "applied_dns_servers": [],
            "dns_servers": [],
            "edge_zone": "",
            "enable_accelerated_networking": false,
            "enable_ip_forwarding": false,
            "id": "/subscriptions/3119230a-2e65-4a28-ae55-2ab2d6189935/resourceGroups/my_resource_group1/providers/Microsoft.Network/networkInterfaces/my_vnet1",
            "internal_dns_name_label": "",
            "internal_domain_name_suffix": "3h0etg5bfksuldazd40f1n3fyg.hx.internal.cloudapp.net",
            "ip_configuration": [
              {
                "gateway_load_balancer_frontend_ip_configuration_id": "",
                "name": "testconfiguration1",
                "primary": true,
                "private_ip_address": "10.0.2.4",
                "private_ip_address_allocation": "Dynamic",
                "private_ip_address_version": "IPv4",
                "public_ip_address_id": "/subscriptions/3119230a-2e65-4a28-ae55-2ab2d6189935/resourceGroups/my_resource_group1/providers/Microsoft.Network/publicIPAddresses/my_vm1_pip",
                "subnet_id": "/subscriptions/3119230a-2e65-4a28-ae55-2ab2d6189935/resourceGroups/my_resource_group1/providers/Microsoft.Network/virtualNetworks/my_vnet1/subnets/my_subnet1"
              }
            ],
            "location": "eastasia",
            "mac_address": "",
            "name": "my_vnet1",
            "private_ip_address": "10.0.2.4",
            "private_ip_addresses": [
              "10.0.2.4"
            ],
            "resource_group_name": "my_resource_group1",
            "tags": null,
            "timeouts": null,
            "virtual_machine_id": ""
          },
          "sensitive_attributes": [],
          "private": "eyJlMmJmYjczMC1lY2FhLTExZTYtOGY4OC0zNDM2M2JjN2M0YzAiOnsiY3JlYXRlIjoxODAwMDAwMDAwMDAwLCJkZWxldGUiOjE4MDAwMDAwMDAwMDAsInJlYWQiOjMwMDAwMDAwMDAwMCwidXBkYXRlIjoxODAwMDAwMDAwMDAwfX0=",
          "dependencies": [
            "azurerm_public_ip.pip",
            "data.azurerm_resource_group.myrg1",
            "data.azurerm_subnet.mysubnet1",
            "data.azurerm_virtual_network.myvnet1"
          ]
        }
      ]
    },
    {
      "mode": "managed",
      "type": "azurerm_public_ip",
      "name": "pip",
      "provider": "provider[\"registry.terraform.io/hashicorp/azurerm\"]",
      "instances": [
        {
          "schema_version": 0,
          "attributes": {
            "allocation_method": "Static",
            "domain_name_label": null,
            "edge_zone": "",
            "fqdn": null,
            "id": "/subscriptions/3119230a-2e65-4a28-ae55-2ab2d6189935/resourceGroups/my_resource_group1/providers/Microsoft.Network/publicIPAddresses/my_vm1_pip",
            "idle_timeout_in_minutes": 4,
            "ip_address": "20.247.91.143",
            "ip_tags": null,
            "ip_version": "IPv4",
            "location": "eastasia",
            "name": "my_vm1_pip",
            "public_ip_prefix_id": null,
            "resource_group_name": "my_resource_group1",
            "reverse_fqdn": null,
            "sku": "Basic",
            "sku_tier": "Regional",
            "tags": null,
            "timeouts": null,
            "zones": null
          },
          "sensitive_attributes": [],
          "private": "eyJlMmJmYjczMC1lY2FhLTExZTYtOGY4OC0zNDM2M2JjN2M0YzAiOnsiY3JlYXRlIjoxODAwMDAwMDAwMDAwLCJkZWxldGUiOjE4MDAwMDAwMDAwMDAsInJlYWQiOjMwMDAwMDAwMDAwMCwidXBkYXRlIjoxODAwMDAwMDAwMDAwfX0=",
          "dependencies": [
            "data.azurerm_resource_group.myrg1"
          ]
        }
      ]
    },
    {
      "mode": "managed",
      "type": "azurerm_resource_group",
      "name": "resource1",
      "provider": "provider[\"registry.terraform.io/hashicorp/azurerm\"]",
      "instances": [
        {
          "schema_version": 0,
          "attributes": {
            "id": "/subscriptions/3119230a-2e65-4a28-ae55-2ab2d6189935/resourceGroups/my_resource_group1",
            "location": "eastasia",
            "name": "my_resource_group1",
            "tags": {},
            "timeouts": null
          },
          "sensitive_attributes": [],
          "private": "eyJlMmJmYjczMC1lY2FhLTExZTYtOGY4OC0zNDM2M2JjN2M0YzAiOnsiY3JlYXRlIjo1NDAwMDAwMDAwMDAwLCJkZWxldGUiOjU0MDAwMDAwMDAwMDAsInJlYWQiOjMwMDAwMDAwMDAwMCwidXBkYXRlIjo1NDAwMDAwMDAwMDAwfX0="
        }
      ]
    },
    {
      "mode": "managed",
      "type": "azurerm_subnet",
      "name": "virsubnet",
      "provider": "provider[\"registry.terraform.io/hashicorp/azurerm\"]",
      "instances": [
        {
          "schema_version": 0,
          "attributes": {
            "address_prefixes": [
              "10.0.2.0/24"
            ],
            "delegation": [],
            "enforce_private_link_endpoint_network_policies": false,
            "enforce_private_link_service_network_policies": false,
            "id": "/subscriptions/3119230a-2e65-4a28-ae55-2ab2d6189935/resourceGroups/my_resource_group1/providers/Microsoft.Network/virtualNetworks/my_vnet1/subnets/my_subnet1",
            "name": "my_subnet1",
            "resource_group_name": "my_resource_group1",
            "service_endpoint_policy_ids": [],
            "service_endpoints": [],
            "timeouts": null,
            "virtual_network_name": "my_vnet1"
          },
          "sensitive_attributes": [],
          "private": "eyJlMmJmYjczMC1lY2FhLTExZTYtOGY4OC0zNDM2M2JjN2M0YzAiOnsiY3JlYXRlIjoxODAwMDAwMDAwMDAwLCJkZWxldGUiOjE4MDAwMDAwMDAwMDAsInJlYWQiOjMwMDAwMDAwMDAwMCwidXBkYXRlIjoxODAwMDAwMDAwMDAwfX0=",
          "dependencies": [
            "azurerm_resource_group.resource1",
            "azurerm_virtual_network.vnet1"
          ]
        }
      ]
    },
    {
      "mode": "managed",
      "type": "azurerm_virtual_machine",
      "name": "vm_main",
      "provider": "provider[\"registry.terraform.io/hashicorp/azurerm\"]",
      "instances": [
        {
          "schema_version": 0,
          "attributes": {
            "additional_capabilities": [],
            "availability_set_id": null,
            "boot_diagnostics": [],
            "delete_data_disks_on_termination": false,
            "delete_os_disk_on_termination": false,
            "id": "/subscriptions/3119230a-2e65-4a28-ae55-2ab2d6189935/resourceGroups/my_resource_group1/providers/Microsoft.Compute/virtualMachines/my_test_vm1",
            "identity": [],
            "license_type": null,
            "location": "eastasia",
            "name": "my_test_vm1",
            "network_interface_ids": [
              "/subscriptions/3119230a-2e65-4a28-ae55-2ab2d6189935/resourceGroups/my_resource_group1/providers/Microsoft.Network/networkInterfaces/my_vnet1"
            ],
            "os_profile": [
              {
                "admin_password": "",
                "admin_username": "testadmin",
                "computer_name": "hostname",
                "custom_data": ""
              }
            ],
            "os_profile_linux_config": [
              {
                "disable_password_authentication": false,
                "ssh_keys": []
              }
            ],
            "os_profile_secrets": [],
            "os_profile_windows_config": [],
            "plan": [],
            "primary_network_interface_id": null,
            "proximity_placement_group_id": null,
            "resource_group_name": "my_resource_group1",
            "storage_data_disk": [],
            "storage_image_reference": [
              {
                "id": "",
                "offer": "UbuntuServer",
                "publisher": "Canonical",
                "sku": "16.04-LTS",
                "version": "latest"
              }
            ],
            "storage_os_disk": [
              {
                "caching": "ReadWrite",
                "create_option": "FromImage",
                "disk_size_gb": 30,
                "image_uri": "",
                "managed_disk_id": "/subscriptions/3119230a-2e65-4a28-ae55-2ab2d6189935/resourceGroups/my_resource_group1/providers/Microsoft.Compute/disks/myosdisk1",
                "managed_disk_type": "Standard_LRS",
                "name": "myosdisk1",
                "os_type": "Linux",
                "vhd_uri": "",
                "write_accelerator_enabled": false
              }
            ],
            "tags": {
              "environment": "virtualmachine"
            },
            "timeouts": null,
            "vm_size": "Standard_DS1_v2",
            "zones": null
          },
          "sensitive_attributes": [],
          "private": "eyJlMmJmYjczMC1lY2FhLTExZTYtOGY4OC0zNDM2M2JjN2M0YzAiOnsiY3JlYXRlIjozNjAwMDAwMDAwMDAwLCJkZWxldGUiOjM2MDAwMDAwMDAwMDAsInJlYWQiOjMwMDAwMDAwMDAwMCwidXBkYXRlIjozNjAwMDAwMDAwMDAwfX0=",
          "dependencies": [
            "azurerm_network_interface.aznetwork",
            "azurerm_public_ip.pip",
            "data.azurerm_resource_group.myrg1",
            "data.azurerm_subnet.mysubnet1",
            "data.azurerm_virtual_network.myvnet1"
          ]
        }
      ]
    },
    {
      "mode": "managed",
      "type": "azurerm_virtual_network",
      "name": "vnet1",
      "provider": "provider[\"registry.terraform.io/hashicorp/azurerm\"]",
      "instances": [
        {
          "schema_version": 0,
          "attributes": {
            "address_space": [
              "10.0.0.0/16"
            ],
            "bgp_community": "",
            "ddos_protection_plan": [],
            "dns_servers": [],
            "edge_zone": "",
            "flow_timeout_in_minutes": 0,
            "guid": "9b49f4e9-2ae1-45a5-8c19-1fb45db7a5c6",
            "id": "/subscriptions/3119230a-2e65-4a28-ae55-2ab2d6189935/resourceGroups/my_resource_group1/providers/Microsoft.Network/virtualNetworks/my_vnet1",
            "location": "eastasia",
            "name": "my_vnet1",
            "resource_group_name": "my_resource_group1",
            "subnet": [
              {
                "address_prefix": "10.0.2.0/24",
                "id": "/subscriptions/3119230a-2e65-4a28-ae55-2ab2d6189935/resourceGroups/my_resource_group1/providers/Microsoft.Network/virtualNetworks/my_vnet1/subnets/my_subnet1",
                "name": "my_subnet1",
                "security_group": ""
              }
            ],
            "tags": {},
            "timeouts": null
          },
          "sensitive_attributes": [],
          "private": "eyJlMmJmYjczMC1lY2FhLTExZTYtOGY4OC0zNDM2M2JjN2M0YzAiOnsiY3JlYXRlIjoxODAwMDAwMDAwMDAwLCJkZWxldGUiOjE4MDAwMDAwMDAwMDAsInJlYWQiOjMwMDAwMDAwMDAwMCwidXBkYXRlIjoxODAwMDAwMDAwMDAwfX0=",
          "dependencies": [
            "azurerm_resource_group.resource1"
          ]
        }
      ]
    }
  ]
}
